// !$*UTF8*$!
{
	archiveVersion = 1;
	classes = {
	};
	objectVersion = 50;
	objects = {

/* Begin PBXBuildFile section */
		86F76AE4247B5ED6001CBCE7 /* AppDelegate.swift in Sources */ = {isa = PBXBuildFile; fileRef = 86F76AE3247B5ED6001CBCE7 /* AppDelegate.swift */; };
		86F76AE6247B5ED6001CBCE7 /* SceneDelegate.swift in Sources */ = {isa = PBXBuildFile; fileRef = 86F76AE5247B5ED6001CBCE7 /* SceneDelegate.swift */; };
		86F76AED247B5ED8001CBCE7 /* Assets.xcassets in Resources */ = {isa = PBXBuildFile; fileRef = 86F76AEC247B5ED8001CBCE7 /* Assets.xcassets */; };
		86F76AF0247B5ED8001CBCE7 /* LaunchScreen.storyboard in Resources */ = {isa = PBXBuildFile; fileRef = 86F76AEE247B5ED8001CBCE7 /* LaunchScreen.storyboard */; };
		86F76AFA247B7279001CBCE7 /* MyRestaurantsCollectionViewCell.swift in Sources */ = {isa = PBXBuildFile; fileRef = 86F76AF9247B7279001CBCE7 /* MyRestaurantsCollectionViewCell.swift */; };
		86F76AFC247B7338001CBCE7 /* UIView+ConstraintLayout.swift in Sources */ = {isa = PBXBuildFile; fileRef = 86F76AFB247B7338001CBCE7 /* UIView+ConstraintLayout.swift */; };
		86F76B02247BAF54001CBCE7 /* MyRestaurantViewController.swift in Sources */ = {isa = PBXBuildFile; fileRef = 86F76B01247BAF54001CBCE7 /* MyRestaurantViewController.swift */; };
		86F76B04247BC2A9001CBCE7 /* Restaurant.swift in Sources */ = {isa = PBXBuildFile; fileRef = 86F76B03247BC2A9001CBCE7 /* Restaurant.swift */; };
		86F76B06247BC2B5001CBCE7 /* Restaurant.json in Resources */ = {isa = PBXBuildFile; fileRef = 86F76B05247BC2B5001CBCE7 /* Restaurant.json */; };
		86F76B0A247CBB66001CBCE7 /* CategoryCollectionViewCell.swift in Sources */ = {isa = PBXBuildFile; fileRef = 86F76B09247CBB66001CBCE7 /* CategoryCollectionViewCell.swift */; };
/* End PBXBuildFile section */

/* Begin PBXFileReference section */
		86F76AE0247B5ED6001CBCE7 /* SimilarRestaurants.app */ = {isa = PBXFileReference; explicitFileType = wrapper.application; includeInIndex = 0; path = SimilarRestaurants.app; sourceTree = BUILT_PRODUCTS_DIR; };
		86F76AE3247B5ED6001CBCE7 /* AppDelegate.swift */ = {isa = PBXFileReference; lastKnownFileType = sourcecode.swift; path = AppDelegate.swift; sourceTree = "<group>"; };
		86F76AE5247B5ED6001CBCE7 /* SceneDelegate.swift */ = {isa = PBXFileReference; lastKnownFileType = sourcecode.swift; path = SceneDelegate.swift; sourceTree = "<group>"; };
		86F76AEC247B5ED8001CBCE7 /* Assets.xcassets */ = {isa = PBXFileReference; lastKnownFileType = folder.assetcatalog; path = Assets.xcassets; sourceTree = "<group>"; };
		86F76AEF247B5ED8001CBCE7 /* Base */ = {isa = PBXFileReference; lastKnownFileType = file.storyboard; name = Base; path = Base.lproj/LaunchScreen.storyboard; sourceTree = "<group>"; };
		86F76AF1247B5ED8001CBCE7 /* Info.plist */ = {isa = PBXFileReference; lastKnownFileType = text.plist.xml; path = Info.plist; sourceTree = "<group>"; };
		86F76AF9247B7279001CBCE7 /* MyRestaurantsCollectionViewCell.swift */ = {isa = PBXFileReference; lastKnownFileType = sourcecode.swift; path = MyRestaurantsCollectionViewCell.swift; sourceTree = "<group>"; };
		86F76AFB247B7338001CBCE7 /* UIView+ConstraintLayout.swift */ = {isa = PBXFileReference; fileEncoding = 4; lastKnownFileType = sourcecode.swift; path = "UIView+ConstraintLayout.swift"; sourceTree = "<group>"; };
		86F76B01247BAF54001CBCE7 /* MyRestaurantViewController.swift */ = {isa = PBXFileReference; lastKnownFileType = sourcecode.swift; path = MyRestaurantViewController.swift; sourceTree = "<group>"; };
		86F76B03247BC2A9001CBCE7 /* Restaurant.swift */ = {isa = PBXFileReference; fileEncoding = 4; lastKnownFileType = sourcecode.swift; path = Restaurant.swift; sourceTree = "<group>"; };
		86F76B05247BC2B5001CBCE7 /* Restaurant.json */ = {isa = PBXFileReference; fileEncoding = 4; lastKnownFileType = text.json; path = Restaurant.json; sourceTree = "<group>"; };
		86F76B09247CBB66001CBCE7 /* CategoryCollectionViewCell.swift */ = {isa = PBXFileReference; lastKnownFileType = sourcecode.swift; path = CategoryCollectionViewCell.swift; sourceTree = "<group>"; };
/* End PBXFileReference section */

/* Begin PBXFrameworksBuildPhase section */
		86F76ADD247B5ED6001CBCE7 /* Frameworks */ = {
			isa = PBXFrameworksBuildPhase;
			buildActionMask = 2147483647;
			files = (
			);
			runOnlyForDeploymentPostprocessing = 0;
		};
/* End PBXFrameworksBuildPhase section */

/* Begin PBXGroup section */
		86F76AD7247B5ED6001CBCE7 = {
			isa = PBXGroup;
			children = (
				86F76AE2247B5ED6001CBCE7 /* SimilarRestaurants */,
				86F76AE1247B5ED6001CBCE7 /* Products */,
			);
			sourceTree = "<group>";
		};
		86F76AE1247B5ED6001CBCE7 /* Products */ = {
			isa = PBXGroup;
			children = (
				86F76AE0247B5ED6001CBCE7 /* SimilarRestaurants.app */,
			);
			name = Products;
			sourceTree = "<group>";
		};
		86F76AE2247B5ED6001CBCE7 /* SimilarRestaurants */ = {
			isa = PBXGroup;
			children = (
				86F76AFB247B7338001CBCE7 /* UIView+ConstraintLayout.swift */,
				86F76AE3247B5ED6001CBCE7 /* AppDelegate.swift */,
				86F76AE5247B5ED6001CBCE7 /* SceneDelegate.swift */,
				86F76B01247BAF54001CBCE7 /* MyRestaurantViewController.swift */,
				86F76B09247CBB66001CBCE7 /* CategoryCollectionViewCell.swift */,
				86F76AF9247B7279001CBCE7 /* MyRestaurantsCollectionViewCell.swift */,
				86F76B03247BC2A9001CBCE7 /* Restaurant.swift */,
				86F76B05247BC2B5001CBCE7 /* Restaurant.json */,
				86F76AEC247B5ED8001CBCE7 /* Assets.xcassets */,
				86F76AEE247B5ED8001CBCE7 /* LaunchScreen.storyboard */,
				86F76AF1247B5ED8001CBCE7 /* Info.plist */,
			);
			path = SimilarRestaurants;
			sourceTree = "<group>";
		};
/* End PBXGroup section */

/* Begin PBXNativeTarget section */
		86F76ADF247B5ED6001CBCE7 /* SimilarRestaurants */ = {
			isa = PBXNativeTarget;
			buildConfigurationList = 86F76AF4247B5ED8001CBCE7 /* Build configuration list for PBXNativeTarget "SimilarRestaurants" */;
			buildPhases = (
				86F76ADC247B5ED6001CBCE7 /* Sources */,
				86F76ADD247B5ED6001CBCE7 /* Frameworks */,
				86F76ADE247B5ED6001CBCE7 /* Resources */,
			);
			buildRules = (
			);
			dependencies = (
			);
			name = SimilarRestaurants;
			productName = SimilarRestaurants;
			productReference = 86F76AE0247B5ED6001CBCE7 /* SimilarRestaurants.app */;
			productType = "com.apple.product-type.application";
		};
/* End PBXNativeTarget section */

/* Begin PBXProject section */
		86F76AD8247B5ED6001CBCE7 /* Project object */ = {
			isa = PBXProject;
			attributes = {
				LastSwiftUpdateCheck = 1150;
				LastUpgradeCheck = 1150;
				ORGANIZATIONNAME = WendaLi;
				TargetAttributes = {
					86F76ADF247B5ED6001CBCE7 = {
						CreatedOnToolsVersion = 11.5;
					};
				};
			};
			buildConfigurationList = 86F76ADB247B5ED6001CBCE7 /* Build configuration list for PBXProject "SimilarRestaurants" */;
			compatibilityVersion = "Xcode 9.3";
			developmentRegion = en;
			hasScannedForEncodings = 0;
			knownRegions = (
				en,
				Base,
			);
			mainGroup = 86F76AD7247B5ED6001CBCE7;
			productRefGroup = 86F76AE1247B5ED6001CBCE7 /* Products */;
			projectDirPath = "";
			projectRoot = "";
			targets = (
				86F76ADF247B5ED6001CBCE7 /* SimilarRestaurants */,
			);
		};
/* End PBXProject section */

/* Begin PBXResourcesBuildPhase section */
		86F76ADE247B5ED6001CBCE7 /* Resources */ = {
			isa = PBXResourcesBuildPhase;
			buildActionMask = 2147483647;
			files = (
				86F76AF0247B5ED8001CBCE7 /* LaunchScreen.storyboard in Resources */,
				86F76B06247BC2B5001CBCE7 /* Restaurant.json in Resources */,
				86F76AED247B5ED8001CBCE7 /* Assets.xcassets in Resources */,
			);
			runOnlyForDeploymentPostprocessing = 0;
		};
/* End PBXResourcesBuildPhase section */

/* Begin PBXSourcesBuildPhase section */
		86F76ADC247B5ED6001CBCE7 /* Sources */ = {
			isa = PBXSourcesBuildPhase;
			buildActionMask = 2147483647;
			files = (
				86F76B04247BC2A9001CBCE7 /* Restaurant.swift in Sources */,
				86F76AE4247B5ED6001CBCE7 /* AppDelegate.swift in Sources */,
				86F76AFA247B7279001CBCE7 /* MyRestaurantsCollectionViewCell.swift in Sources */,
				86F76AE6247B5ED6001CBCE7 /* SceneDelegate.swift in Sources */,
				86F76B02247BAF54001CBCE7 /* MyRestaurantViewController.swift in Sources */,
				86F76B0A247CBB66001CBCE7 /* CategoryCollectionViewCell.swift in Sources */,
				86F76AFC247B7338001CBCE7 /* UIView+ConstraintLayout.swift in Sources */,
			);
			runOnlyForDeploymentPostprocessing = 0;
		};
/* End PBXSourcesBuildPhase section */

/* Begin PBXVariantGroup section */
		86F76AEE247B5ED8001CBCE7 /* LaunchScreen.storyboard */ = {
			isa = PBXVariantGroup;
			children = (
				86F76AEF247B5ED8001CBCE7 /* Base */,
			);
			name = LaunchScreen.storyboard;
			sourceTree = "<group>";
		};
/* End PBXVariantGroup section */

/* Begin XCBuildConfiguration section */
		86F76AF2247B5ED8001CBCE7 /* Debug */ = {
			isa = XCBuildConfiguration;
			buildSettings = {
				ALWAYS_SEARCH_USER_PATHS = NO;
				CLANG_ANALYZER_NONNULL = YES;
				CLANG_ANALYZER_NUMBER_OBJECT_CONVERSION = YES_AGGRESSIVE;
				CLANG_CXX_LANGUAGE_STANDARD = "gnu++14";
				CLANG_CXX_LIBRARY = "libc++";
				CLANG_ENABLE_MODULES = YES;
				CLANG_ENABLE_OBJC_ARC = YES;
				CLANG_ENABLE_OBJC_WEAK = YES;
				CLANG_WARN_BLOCK_CAPTURE_AUTORELEASING = YES;
				CLANG_WARN_BOOL_CONVERSION = YES;
				CLANG_WARN_COMMA = YES;
				CLANG_WARN_CONSTANT_CONVERSION = YES;
				CLANG_WARN_DEPRECATED_OBJC_IMPLEMENTATIONS = YES;
				CLANG_WARN_DIRECT_OBJC_ISA_USAGE = YES_ERROR;
				CLANG_WARN_DOCUMENTATION_COMMENTS = YES;
				CLANG_WARN_EMPTY_BODY = YES;
				CLANG_WARN_ENUM_CONVERSION = YES;
				CLANG_WARN_INFINITE_RECURSION = YES;
				CLANG_WARN_INT_CONVERSION = YES;
				CLANG_WARN_NON_LITERAL_NULL_CONVERSION = YES;
				CLANG_WARN_OBJC_IMPLICIT_RETAIN_SELF = YES;
				CLANG_WARN_OBJC_LITERAL_CONVERSION = YES;
				CLANG_WARN_OBJC_ROOT_CLASS = YES_ERROR;
				CLANG_WARN_RANGE_LOOP_ANALYSIS = YES;
				CLANG_WARN_STRICT_PROTOTYPES = YES;
				CLANG_WARN_SUSPICIOUS_MOVE = YES;
				CLANG_WARN_UNGUARDED_AVAILABILITY = YES_AGGRESSIVE;
				CLANG_WARN_UNREACHABLE_CODE = YES;
				CLANG_WARN__DUPLICATE_METHOD_MATCH = YES;
				COPY_PHASE_STRIP = NO;
				DEBUG_INFORMATION_FORMAT = dwarf;
				ENABLE_STRICT_OBJC_MSGSEND = YES;
				ENABLE_TESTABILITY = YES;
				GCC_C_LANGUAGE_STANDARD = gnu11;
				GCC_DYNAMIC_NO_PIC = NO;
				GCC_NO_COMMON_BLOCKS = YES;
				GCC_OPTIMIZATION_LEVEL = 0;
				GCC_PREPROCESSOR_DEFINITIONS = (
					"DEBUG=1",
					"$(inherited)",
				);
				GCC_WARN_64_TO_32_BIT_CONVERSION = YES;
				GCC_WARN_ABOUT_RETURN_TYPE = YES_ERROR;
				GCC_WARN_UNDECLARED_SELECTOR = YES;
				GCC_WARN_UNINITIALIZED_AUTOS = YES_AGGRESSIVE;
				GCC_WARN_UNUSED_FUNCTION = YES;
				GCC_WARN_UNUSED_VARIABLE = YES;
				IPHONEOS_DEPLOYMENT_TARGET = 13.5;
				MTL_ENABLE_DEBUG_INFO = INCLUDE_SOURCE;
				MTL_FAST_MATH = YES;
				ONLY_ACTIVE_ARCH = YES;
				SDKROOT = iphoneos;
				SWIFT_ACTIVE_COMPILATION_CONDITIONS = DEBUG;
				SWIFT_OPTIMIZATION_LEVEL = "-Onone";
			};
			name = Debug;
		};
		86F76AF3247B5ED8001CBCE7 /* Release */ = {
			isa = XCBuildConfiguration;
			buildSettings = {
				ALWAYS_SEARCH_USER_PATHS = NO;
				CLANG_ANALYZER_NONNULL = YES;
				CLANG_ANALYZER_NUMBER_OBJECT_CONVERSION = YES_AGGRESSIVE;
				CLANG_CXX_LANGUAGE_STANDARD = "gnu++14";
				CLANG_CXX_LIBRARY = "libc++";
				CLANG_ENABLE_MODULES = YES;
				CLANG_ENABLE_OBJC_ARC = YES;
				CLANG_ENABLE_OBJC_WEAK = YES;
				CLANG_WARN_BLOCK_CAPTURE_AUTORELEASING = YES;
				CLANG_WARN_BOOL_CONVERSION = YES;
				CLANG_WARN_COMMA = YES;
				CLANG_WARN_CONSTANT_CONVERSION = YES;
				CLANG_WARN_DEPRECATED_OBJC_IMPLEMENTATIONS = YES;
				CLANG_WARN_DIRECT_OBJC_ISA_USAGE = YES_ERROR;
				CLANG_WARN_DOCUMENTATION_COMMENTS = YES;
				CLANG_WARN_EMPTY_BODY = YES;
				CLANG_WARN_ENUM_CONVERSION = YES;
				CLANG_WARN_INFINITE_RECURSION = YES;
				CLANG_WARN_INT_CONVERSION = YES;
				CLANG_WARN_NON_LITERAL_NULL_CONVERSION = YES;
				CLANG_WARN_OBJC_IMPLICIT_RETAIN_SELF = YES;
				CLANG_WARN_OBJC_LITERAL_CONVERSION = YES;
				CLANG_WARN_OBJC_ROOT_CLASS = YES_ERROR;
				CLANG_WARN_RANGE_LOOP_ANALYSIS = YES;
				CLANG_WARN_STRICT_PROTOTYPES = YES;
				CLANG_WARN_SUSPICIOUS_MOVE = YES;
				CLANG_WARN_UNGUARDED_AVAILABILITY = YES_AGGRESSIVE;
				CLANG_WARN_UNREACHABLE_CODE = YES;
				CLANG_WARN__DUPLICATE_METHOD_MATCH = YES;
				COPY_PHASE_STRIP = NO;
				DEBUG_INFORMATION_FORMAT = "dwarf-with-dsym";
				ENABLE_NS_ASSERTIONS = NO;
				ENABLE_STRICT_OBJC_MSGSEND = YES;
				GCC_C_LANGUAGE_STANDARD = gnu11;
				GCC_NO_COMMON_BLOCKS = YES;
				GCC_WARN_64_TO_32_BIT_CONVERSION = YES;
				GCC_WARN_ABOUT_RETURN_TYPE = YES_ERROR;
				GCC_WARN_UNDECLARED_SELECTOR = YES;
				GCC_WARN_UNINITIALIZED_AUTOS = YES_AGGRESSIVE;
				GCC_WARN_UNUSED_FUNCTION = YES;
				GCC_WARN_UNUSED_VARIABLE = YES;
				IPHONEOS_DEPLOYMENT_TARGET = 13.5;
				MTL_ENABLE_DEBUG_INFO = NO;
				MTL_FAST_MATH = YES;
				SDKROOT = iphoneos;
				SWIFT_COMPILATION_MODE = wholemodule;
				SWIFT_OPTIMIZATION_LEVEL = "-O";
				VALIDATE_PRODUCT = YES;
			};
			name = Release;
		};
		86F76AF5247B5ED8001CBCE7 /* Debug */ = {
			isa = XCBuildConfiguration;
			buildSettings = {
				ASSETCATALOG_COMPILER_APPICON_NAME = AppIcon;
				CODE_SIGN_STYLE = Automatic;
				DEVELOPMENT_TEAM = Q596375UUV;
				INFOPLIST_FILE = SimilarRestaurants/Info.plist;
				LD_RUNPATH_SEARCH_PATHS = (
					"$(inherited)",
					"@executable_path/Frameworks",
				);
				PRODUCT_BUNDLE_IDENTIFIER = com.don.SimilarRestaurants;
				PRODUCT_NAME = "$(TARGET_NAME)";
				SWIFT_VERSION = 5.0;
				TARGETED_DEVICE_FAMILY = "1,2";
			};
			name = Debug;
		};
		86F76AF6247B5ED8001CBCE7 /* Release */ = {
			isa = XCBuildConfiguration;
			buildSettings = {
				ASSETCATALOG_COMPILER_APPICON_NAME = AppIcon;
				CODE_SIGN_STYLE = Automatic;
				DEVELOPMENT_TEAM = Q596375UUV;
				INFOPLIST_FILE = SimilarRestaurants/Info.plist;
				LD_RUNPATH_SEARCH_PATHS = (
					"$(inherited)",
					"@executable_path/Frameworks",
				);
				PRODUCT_BUNDLE_IDENTIFIER = com.don.SimilarRestaurants;
				PRODUCT_NAME = "$(TARGET_NAME)";
				SWIFT_VERSION = 5.0;
				TARGETED_DEVICE_FAMILY = "1,2";
			};
			name = Release;
		};
/* End XCBuildConfiguration section */

/* Begin XCConfigurationList section */
		86F76ADB247B5ED6001CBCE7 /* Build configuration list for PBXProject "SimilarRestaurants" */ = {
			isa = XCConfigurationList;
			buildConfigurations = (
				86F76AF2247B5ED8001CBCE7 /* Debug */,
				86F76AF3247B5ED8001CBCE7 /* Release */,
			);
			defaultConfigurationIsVisible = 0;
			defaultConfigurationName = Release;
		};
		86F76AF4247B5ED8001CBCE7 /* Build configuration list for PBXNativeTarget "SimilarRestaurants" */ = {
			isa = XCConfigurationList;
			buildConfigurations = (
				86F76AF5247B5ED8001CBCE7 /* Debug */,
				86F76AF6247B5ED8001CBCE7 /* Release */,
			);
			defaultConfigurationIsVisible = 0;
			defaultConfigurationName = Release;
		};
/* End XCConfigurationList section */
	};
	rootObject = 86F76AD8247B5ED6001CBCE7 /* Project object */;
}
